
Microsoft Visual Studio Solution File, Format Version 12.00
# Visual Studio Version 17
VisualStudioVersion = 17.4.33205.214
MinimumVisualStudioVersion = 10.0.40219.1
Project("{FAE04EC0-301F-11D3-BF4B-00C04F79EFBC}") = "FireBaseDotNetProject", "FireBaseDotNetProject\FireBaseDotNetProject.csproj", "{15D733B1-758D-4CDD-BA4A-A711E2D58755}"
EndProject
Global
	GlobalSection(SolutionConfigurationPlatforms) = preSolution
		Debug|Any CPU = Debug|Any CPU
		Release|Any CPU = Release|Any CPU
	EndGlobalSection
	GlobalSection(ProjectConfigurationPlatforms) = postSolution
		{15D733B1-758D-4CDD-BA4A-A711E2D58755}.Debug|Any CPU.ActiveCfg = Debug|Any CPU
		{15D733B1-758D-4CDD-BA4A-A711E2D58755}.Debug|Any CPU.Build.0 = Debug|Any CPU
		{15D733B1-758D-4CDD-BA4A-A711E2D58755}.Release|Any CPU.ActiveCfg = Release|Any CPU
		{15D733B1-758D-4CDD-BA4A-A711E2D58755}.Release|Any CPU.Build.0 = Release|Any CPU
	EndGlobalSection
	GlobalSection(SolutionProperties) = preSolution
		HideSolutionNode = FALSE
	EndGlobalSection
	GlobalSection(ExtensibilityGlobals) = postSolution
		SolutionGuid = {574D867E-DF92-4AE2-AC41-DEBD570090DC}
	EndGlobalSection
EndGlobal
